
Microsoft Visual Studio Solution File, Format Version 12.00
# Visual Studio Version 16
VisualStudioVersion = 16.0.31613.86
MinimumVisualStudioVersion = 10.0.40219.1
Project("{FAE04EC0-301F-11D3-BF4B-00C04F79EFBC}") = "PaydayController", "PaydayController\PaydayController.csproj", "{B7D35640-8FB3-403A-8127-48342D87CFB9}"
EndProject
Global
	GlobalSection(SolutionConfigurationPlatforms) = preSolution
		Debug|Any CPU = Debug|Any CPU
		Release|Any CPU = Release|Any CPU
	EndGlobalSection
	GlobalSection(ProjectConfigurationPlatforms) = postSolution
		{B7D35640-8FB3-403A-8127-48342D87CFB9}.Debug|Any CPU.ActiveCfg = Debug|Any CPU
		{B7D35640-8FB3-403A-8127-48342D87CFB9}.Debug|Any CPU.Build.0 = Debug|Any CPU
		{B7D35640-8FB3-403A-8127-48342D87CFB9}.Release|Any CPU.ActiveCfg = Release|Any CPU
		{B7D35640-8FB3-403A-8127-48342D87CFB9}.Release|Any CPU.Build.0 = Release|Any CPU
	EndGlobalSection
	GlobalSection(SolutionProperties) = preSolution
		HideSolutionNode = FALSE
	EndGlobalSection
	GlobalSection(ExtensibilityGlobals) = postSolution
		SolutionGuid = {1FDE0300-2C72-4BB2-9AD9-323C864E54E1}
	EndGlobalSection
EndGlobal
